
Microsoft Visual Studio Solution File, Format Version 10.00
# Visual Studio 2008
Project("{8BC9CEB8-8B4A-11D0-8D11-00A0C91BC942}") = "DrawInstrumentGraph", "DrawInstrumentGraph\DrawInstrumentGraph.vcproj", "{246CA016-28E6-4721-BCC5-944C58E1719A}"
EndProject
Global
	GlobalSection(SolutionConfigurationPlatforms) = preSolution
		Debug|Win32 = Debug|Win32
		Release|Win32 = Release|Win32
	EndGlobalSection
	GlobalSection(ProjectConfigurationPlatforms) = postSolution
		{246CA016-28E6-4721-BCC5-944C58E1719A}.Debug|Win32.ActiveCfg = Debug|Win32
		{246CA016-28E6-4721-BCC5-944C58E1719A}.Debug|Win32.Build.0 = Debug|Win32
		{246CA016-28E6-4721-BCC5-944C58E1719A}.Release|Win32.ActiveCfg = Release|Win32
		{246CA016-28E6-4721-BCC5-944C58E1719A}.Release|Win32.Build.0 = Release|Win32
	EndGlobalSection
	GlobalSection(SolutionProperties) = preSolution
		HideSolutionNode = FALSE
	EndGlobalSection
EndGlobal
