<?xml version="1.0" encoding="utf-8"?>
<Project ToolsVersion="4.0" xmlns="http://schemas.microsoft.com/developer/msbuild/2003">
  <ItemGroup>
    <Filter Include="源文件">
      <UniqueIdentifier>{4FC737F1-C7A5-4376-A066-2A32D752A2FF}</UniqueIdentifier>
      <Extensions>cpp;c;cc;cxx;def;odl;idl;hpj;bat;asm;asmx</Extensions>
    </Filter>
    <Filter Include="头文件">
      <UniqueIdentifier>{93995380-89BD-4b04-88EB-625FBE52EBFB}</UniqueIdentifier>
      <Extensions>h;hpp;hxx;hm;inl;inc;xsd</Extensions>
    </Filter>
    <Filter Include="资源文件">
      <UniqueIdentifier>{67DA6AB6-F800-4c08-8B7A-83BB121AAD01}</UniqueIdentifier>
      <Extensions>rc;ico;cur;bmp;dlg;rc2;rct;bin;rgs;gif;jpg;jpeg;jpe;resx;tiff;tif;png;wav;mfcribbon-ms</Extensions>
    </Filter>
    <Filter Include="杂项">
      <UniqueIdentifier>{7644f085-e7e8-42ec-be9e-ac5e016ffff2}</UniqueIdentifier>
    </Filter>
    <Filter Include="线程">
      <UniqueIdentifier>{19b019a2-2c7f-441b-81db-d57f447203e8}</UniqueIdentifier>
    </Filter>
    <Filter Include="帧">
      <UniqueIdentifier>{f1120f52-afc2-4c9a-a73f-36d20c55510c}</UniqueIdentifier>
    </Filter>
    <Filter Include="杂项\XML">
      <UniqueIdentifier>{9a59ad32-1f15-453d-b4be-b2c8353cf61a}</UniqueIdentifier>
    </Filter>
  </ItemGroup>
  <ItemGroup>
    <None Include="ReadMe.txt" />
    <None Include="ClassDiagram1.cd" />
  </ItemGroup>
  <ItemGroup>
    <ClInclude Include="stdafx.h">
      <Filter>头文件</Filter>
    </ClInclude>
    <ClInclude Include="targetver.h">
      <Filter>头文件</Filter>
    </ClInclude>
    <ClInclude Include="Resource.h">
      <Filter>头文件</Filter>
    </ClInclude>
    <ClInclude Include="MatrixServerDll.h">
      <Filter>头文件</Filter>
    </ClInclude>
    <ClInclude Include="CXMLDOMNodeList.h">
      <Filter>杂项\XML</Filter>
    </ClInclude>
    <ClInclude Include="CXMLDOMDocument.h">
      <Filter>杂项\XML</Filter>
    </ClInclude>
    <ClInclude Include="CXMLDOMElement.h">
      <Filter>杂项\XML</Filter>
    </ClInclude>
    <ClInclude Include="CXMLDOMNode.h">
      <Filter>杂项\XML</Filter>
    </ClInclude>
    <ClInclude Include="XMLDOMTool.h">
      <Filter>杂项\XML</Filter>
    </ClInclude>
  </ItemGroup>
  <ItemGroup>
    <ClCompile Include="stdafx.cpp">
      <Filter>源文件</Filter>
    </ClCompile>
    <ClCompile Include="MatrixServerDll.cpp">
      <Filter>源文件</Filter>
    </ClCompile>
    <ClCompile Include="XMLDOMTool.cpp">
      <Filter>杂项\XML</Filter>
    </ClCompile>
    <ClCompile Include="xml.cpp">
      <Filter>杂项\XML</Filter>
    </ClCompile>
    <ClCompile Include="LogOutPut.cpp">
      <Filter>杂项</Filter>
    </ClCompile>
    <ClCompile Include="PerformanceFunc.cpp">
      <Filter>杂项</Filter>
    </ClCompile>
    <ClCompile Include="ConstVar.cpp">
      <Filter>杂项</Filter>
    </ClCompile>
    <ClCompile Include="HeartBeatFrame.cpp">
      <Filter>帧</Filter>
    </ClCompile>
    <ClCompile Include="HeadFrame.cpp">
      <Filter>帧</Filter>
    </ClCompile>
    <ClCompile Include="IPSetFrame.cpp">
      <Filter>帧</Filter>
    </ClCompile>
    <ClCompile Include="TailFrame.cpp">
      <Filter>帧</Filter>
    </ClCompile>
    <ClCompile Include="TailTimeFrame.cpp">
      <Filter>帧</Filter>
    </ClCompile>
    <ClCompile Include="TimeDelayFrame.cpp">
      <Filter>帧</Filter>
    </ClCompile>
    <ClCompile Include="ADCSetFrame.cpp">
      <Filter>帧</Filter>
    </ClCompile>
    <ClCompile Include="ErrorCodeFrame.cpp">
      <Filter>帧</Filter>
    </ClCompile>
    <ClCompile Include="ADCDataFrame.cpp">
      <Filter>帧</Filter>
    </ClCompile>
    <ClCompile Include="Instrument.cpp">
      <Filter>帧</Filter>
    </ClCompile>
    <ClCompile Include="InstrumentList.cpp">
      <Filter>帧</Filter>
    </ClCompile>
    <ClCompile Include="Rout.cpp">
      <Filter>帧</Filter>
    </ClCompile>
    <ClCompile Include="RoutList.cpp">
      <Filter>帧</Filter>
    </ClCompile>
    <ClCompile Include="ADCLostFrame.cpp">
      <Filter>线程</Filter>
    </ClCompile>
    <ClCompile Include="ADCDataBufArray.cpp">
      <Filter>线程</Filter>
    </ClCompile>
    <ClCompile Include="ADCDataBuf.cpp">
      <Filter>线程</Filter>
    </ClCompile>
    <ClCompile Include="OptTaskArray.cpp">
      <Filter>线程</Filter>
    </ClCompile>
    <ClCompile Include="OptTask.cpp">
      <Filter>线程</Filter>
    </ClCompile>
    <ClCompile Include="Thread.cpp">
      <Filter>线程</Filter>
    </ClCompile>
    <ClCompile Include="LogOutPutThread.cpp">
      <Filter>线程</Filter>
    </ClCompile>
    <ClCompile Include="HeartBeatThread.cpp">
      <Filter>线程</Filter>
    </ClCompile>
    <ClCompile Include="HeadFrameThread.cpp">
      <Filter>线程</Filter>
    </ClCompile>
    <ClCompile Include="IPSetFrameThread.cpp">
      <Filter>线程</Filter>
    </ClCompile>
    <ClCompile Include="TailFrameThread.cpp">
      <Filter>线程</Filter>
    </ClCompile>
    <ClCompile Include="MonitorThread.cpp">
      <Filter>线程</Filter>
    </ClCompile>
    <ClCompile Include="TimeDelayThread.cpp">
      <Filter>线程</Filter>
    </ClCompile>
    <ClCompile Include="ADCSetThread.cpp">
      <Filter>线程</Filter>
    </ClCompile>
    <ClCompile Include="ErrorCodeThread.cpp">
      <Filter>线程</Filter>
    </ClCompile>
    <ClCompile Include="ADCDataRecThread.cpp">
      <Filter>线程</Filter>
    </ClCompile>
    <ClCompile Include="ADCDataSaveThread.cpp">
      <Filter>线程</Filter>
    </ClCompile>
  </ItemGroup>
  <ItemGroup>
    <ResourceCompile Include="MatrixServerDll.rc">
      <Filter>资源文件</Filter>
    </ResourceCompile>
  </ItemGroup>
</Project>