
Microsoft Visual Studio Solution File, Format Version 10.00
# Visual Studio 2008
Project("{8BC9CEB8-8B4A-11D0-8D11-00A0C91BC942}") = "测试文件打开读取速度", "测试文件打开读取速度\测试文件打开读取速度.vcproj", "{5597F897-B9B5-4C8A-87F1-3E7A821AA4B0}"
EndProject
Global
	GlobalSection(SolutionConfigurationPlatforms) = preSolution
		Debug|Win32 = Debug|Win32
		Release|Win32 = Release|Win32
	EndGlobalSection
	GlobalSection(ProjectConfigurationPlatforms) = postSolution
		{5597F897-B9B5-4C8A-87F1-3E7A821AA4B0}.Debug|Win32.ActiveCfg = Debug|Win32
		{5597F897-B9B5-4C8A-87F1-3E7A821AA4B0}.Debug|Win32.Build.0 = Debug|Win32
		{5597F897-B9B5-4C8A-87F1-3E7A821AA4B0}.Release|Win32.ActiveCfg = Release|Win32
		{5597F897-B9B5-4C8A-87F1-3E7A821AA4B0}.Release|Win32.Build.0 = Release|Win32
	EndGlobalSection
	GlobalSection(SolutionProperties) = preSolution
		HideSolutionNode = FALSE
	EndGlobalSection
EndGlobal
