
Microsoft Visual Studio Solution File, Format Version 10.00
# Visual Studio 2008
Project("{8BC9CEB8-8B4A-11D0-8D11-00A0C91BC942}") = "afxthread", "afxthread.vcproj", "{337FDADA-7441-457F-BA44-688AD53C0AAC}"
EndProject
Project("{8BC9CEB8-8B4A-11D0-8D11-00A0C91BC942}") = "dead.cycle.console", "..\dead.cycle.console\dead.cycle.console.vcproj", "{2050ACD9-EADB-4979-BA83-601AB4E33235}"
EndProject
Project("{8BC9CEB8-8B4A-11D0-8D11-00A0C91BC942}") = "dead.cycle.gui", "..\dead.cycle.gui\dead.cycle.gui.vcproj", "{A3257A8C-1485-447C-AEC2-5CDF25B119F3}"
EndProject
Global
	GlobalSection(SolutionConfigurationPlatforms) = preSolution
		Debug|Win32 = Debug|Win32
		Release|Win32 = Release|Win32
	EndGlobalSection
	GlobalSection(ProjectConfigurationPlatforms) = postSolution
		{337FDADA-7441-457F-BA44-688AD53C0AAC}.Debug|Win32.ActiveCfg = Debug|Win32
		{337FDADA-7441-457F-BA44-688AD53C0AAC}.Debug|Win32.Build.0 = Debug|Win32
		{337FDADA-7441-457F-BA44-688AD53C0AAC}.Release|Win32.ActiveCfg = Release|Win32
		{337FDADA-7441-457F-BA44-688AD53C0AAC}.Release|Win32.Build.0 = Release|Win32
		{2050ACD9-EADB-4979-BA83-601AB4E33235}.Debug|Win32.ActiveCfg = Debug|Win32
		{2050ACD9-EADB-4979-BA83-601AB4E33235}.Debug|Win32.Build.0 = Debug|Win32
		{2050ACD9-EADB-4979-BA83-601AB4E33235}.Release|Win32.ActiveCfg = Release|Win32
		{2050ACD9-EADB-4979-BA83-601AB4E33235}.Release|Win32.Build.0 = Release|Win32
		{A3257A8C-1485-447C-AEC2-5CDF25B119F3}.Debug|Win32.ActiveCfg = Debug|Win32
		{A3257A8C-1485-447C-AEC2-5CDF25B119F3}.Debug|Win32.Build.0 = Debug|Win32
		{A3257A8C-1485-447C-AEC2-5CDF25B119F3}.Release|Win32.ActiveCfg = Release|Win32
		{A3257A8C-1485-447C-AEC2-5CDF25B119F3}.Release|Win32.Build.0 = Release|Win32
	EndGlobalSection
	GlobalSection(SolutionProperties) = preSolution
		HideSolutionNode = FALSE
	EndGlobalSection
EndGlobal
