
Microsoft Visual Studio Solution File, Format Version 11.00
# Visual Studio 2010
Project("{8BC9CEB8-8B4A-11D0-8D11-00A0C91BC942}") = "Ex4_01", "Ex4_01\Ex4_01.vcxproj", "{8A30E6EC-41B9-49DC-A461-101424EA3D22}"
EndProject
Project("{8BC9CEB8-8B4A-11D0-8D11-00A0C91BC942}") = "Ex4_02", "Ex4_02\Ex4_02.vcxproj", "{71DD3B86-AD2D-4A0F-9F2B-5EF436749C7D}"
EndProject
Project("{8BC9CEB8-8B4A-11D0-8D11-00A0C91BC942}") = "Ex4_03", "Ex4_03\Ex4_03.vcxproj", "{73D07579-8A69-427B-A6D0-B1678F577CC0}"
EndProject
Project("{8BC9CEB8-8B4A-11D0-8D11-00A0C91BC942}") = "Ex4_04", "Ex4_04\Ex4_04.vcxproj", "{6E102596-F22B-4780-B7FB-32932C6EBF89}"
EndProject
Project("{8BC9CEB8-8B4A-11D0-8D11-00A0C91BC942}") = "Ex4_05", "Ex4_05\Ex4_05.vcxproj", "{DF44CD3A-77C5-4538-BC68-766D745EAE06}"
EndProject
Project("{8BC9CEB8-8B4A-11D0-8D11-00A0C91BC942}") = "Ex4_06", "Ex4_06\Ex4_06.vcxproj", "{0742827A-77BE-483B-B0AA-15C8D3FE72EA}"
EndProject
Project("{8BC9CEB8-8B4A-11D0-8D11-00A0C91BC942}") = "Ex4_07", "Ex4_07\Ex4_07.vcxproj", "{C3A91A2A-4577-424C-BDD0-1084B36DD637}"
EndProject
Project("{8BC9CEB8-8B4A-11D0-8D11-00A0C91BC942}") = "Ex4_08", "Ex4_08\Ex4_08.vcxproj", "{C117B4AC-6AD3-4E84-B784-0D5256A545EF}"
EndProject
Project("{8BC9CEB8-8B4A-11D0-8D11-00A0C91BC942}") = "Ex4_09", "Ex4_09\Ex4_09.vcxproj", "{63FEAE9A-399A-4462-8381-DC5C4444DE82}"
EndProject
Project("{8BC9CEB8-8B4A-11D0-8D11-00A0C91BC942}") = "EX4_10", "EX4_10\EX4_10.vcxproj", "{113B2821-CD32-48EB-820E-A13FD10AF6AB}"
EndProject
Global
	GlobalSection(SolutionConfigurationPlatforms) = preSolution
		Debug|Win32 = Debug|Win32
		Release|Win32 = Release|Win32
	EndGlobalSection
	GlobalSection(ProjectConfigurationPlatforms) = postSolution
		{8A30E6EC-41B9-49DC-A461-101424EA3D22}.Debug|Win32.ActiveCfg = Debug|Win32
		{8A30E6EC-41B9-49DC-A461-101424EA3D22}.Debug|Win32.Build.0 = Debug|Win32
		{8A30E6EC-41B9-49DC-A461-101424EA3D22}.Release|Win32.ActiveCfg = Release|Win32
		{8A30E6EC-41B9-49DC-A461-101424EA3D22}.Release|Win32.Build.0 = Release|Win32
		{71DD3B86-AD2D-4A0F-9F2B-5EF436749C7D}.Debug|Win32.ActiveCfg = Debug|Win32
		{71DD3B86-AD2D-4A0F-9F2B-5EF436749C7D}.Debug|Win32.Build.0 = Debug|Win32
		{71DD3B86-AD2D-4A0F-9F2B-5EF436749C7D}.Release|Win32.ActiveCfg = Release|Win32
		{71DD3B86-AD2D-4A0F-9F2B-5EF436749C7D}.Release|Win32.Build.0 = Release|Win32
		{73D07579-8A69-427B-A6D0-B1678F577CC0}.Debug|Win32.ActiveCfg = Debug|Win32
		{73D07579-8A69-427B-A6D0-B1678F577CC0}.Debug|Win32.Build.0 = Debug|Win32
		{73D07579-8A69-427B-A6D0-B1678F577CC0}.Release|Win32.ActiveCfg = Release|Win32
		{73D07579-8A69-427B-A6D0-B1678F577CC0}.Release|Win32.Build.0 = Release|Win32
		{6E102596-F22B-4780-B7FB-32932C6EBF89}.Debug|Win32.ActiveCfg = Debug|Win32
		{6E102596-F22B-4780-B7FB-32932C6EBF89}.Debug|Win32.Build.0 = Debug|Win32
		{6E102596-F22B-4780-B7FB-32932C6EBF89}.Release|Win32.ActiveCfg = Release|Win32
		{6E102596-F22B-4780-B7FB-32932C6EBF89}.Release|Win32.Build.0 = Release|Win32
		{DF44CD3A-77C5-4538-BC68-766D745EAE06}.Debug|Win32.ActiveCfg = Debug|Win32
		{DF44CD3A-77C5-4538-BC68-766D745EAE06}.Debug|Win32.Build.0 = Debug|Win32
		{DF44CD3A-77C5-4538-BC68-766D745EAE06}.Release|Win32.ActiveCfg = Release|Win32
		{DF44CD3A-77C5-4538-BC68-766D745EAE06}.Release|Win32.Build.0 = Release|Win32
		{0742827A-77BE-483B-B0AA-15C8D3FE72EA}.Debug|Win32.ActiveCfg = Debug|Win32
		{0742827A-77BE-483B-B0AA-15C8D3FE72EA}.Debug|Win32.Build.0 = Debug|Win32
		{0742827A-77BE-483B-B0AA-15C8D3FE72EA}.Release|Win32.ActiveCfg = Release|Win32
		{0742827A-77BE-483B-B0AA-15C8D3FE72EA}.Release|Win32.Build.0 = Release|Win32
		{C3A91A2A-4577-424C-BDD0-1084B36DD637}.Debug|Win32.ActiveCfg = Debug|Win32
		{C3A91A2A-4577-424C-BDD0-1084B36DD637}.Debug|Win32.Build.0 = Debug|Win32
		{C3A91A2A-4577-424C-BDD0-1084B36DD637}.Release|Win32.ActiveCfg = Release|Win32
		{C3A91A2A-4577-424C-BDD0-1084B36DD637}.Release|Win32.Build.0 = Release|Win32
		{C117B4AC-6AD3-4E84-B784-0D5256A545EF}.Debug|Win32.ActiveCfg = Debug|Win32
		{C117B4AC-6AD3-4E84-B784-0D5256A545EF}.Debug|Win32.Build.0 = Debug|Win32
		{C117B4AC-6AD3-4E84-B784-0D5256A545EF}.Release|Win32.ActiveCfg = Release|Win32
		{C117B4AC-6AD3-4E84-B784-0D5256A545EF}.Release|Win32.Build.0 = Release|Win32
		{63FEAE9A-399A-4462-8381-DC5C4444DE82}.Debug|Win32.ActiveCfg = Debug|Win32
		{63FEAE9A-399A-4462-8381-DC5C4444DE82}.Debug|Win32.Build.0 = Debug|Win32
		{63FEAE9A-399A-4462-8381-DC5C4444DE82}.Release|Win32.ActiveCfg = Release|Win32
		{63FEAE9A-399A-4462-8381-DC5C4444DE82}.Release|Win32.Build.0 = Release|Win32
		{113B2821-CD32-48EB-820E-A13FD10AF6AB}.Debug|Win32.ActiveCfg = Debug|Win32
		{113B2821-CD32-48EB-820E-A13FD10AF6AB}.Debug|Win32.Build.0 = Debug|Win32
		{113B2821-CD32-48EB-820E-A13FD10AF6AB}.Release|Win32.ActiveCfg = Release|Win32
		{113B2821-CD32-48EB-820E-A13FD10AF6AB}.Release|Win32.Build.0 = Release|Win32
	EndGlobalSection
	GlobalSection(SolutionProperties) = preSolution
		HideSolutionNode = FALSE
	EndGlobalSection
EndGlobal
