
Microsoft Visual Studio Solution File, Format Version 10.00
# Visual Studio 2008
Project("{8BC9CEB8-8B4A-11D0-8D11-00A0C91BC942}") = "UartToUdp", "UartToUdp\UartToUdp.vcproj", "{3E9F7523-916B-4A2F-B20D-94A20C98F525}"
EndProject
Global
	GlobalSection(SolutionConfigurationPlatforms) = preSolution
		Debug|Win32 = Debug|Win32
		Release|Win32 = Release|Win32
	EndGlobalSection
	GlobalSection(ProjectConfigurationPlatforms) = postSolution
		{3E9F7523-916B-4A2F-B20D-94A20C98F525}.Debug|Win32.ActiveCfg = Debug|Win32
		{3E9F7523-916B-4A2F-B20D-94A20C98F525}.Debug|Win32.Build.0 = Debug|Win32
		{3E9F7523-916B-4A2F-B20D-94A20C98F525}.Release|Win32.ActiveCfg = Release|Win32
		{3E9F7523-916B-4A2F-B20D-94A20C98F525}.Release|Win32.Build.0 = Release|Win32
	EndGlobalSection
	GlobalSection(SolutionProperties) = preSolution
		HideSolutionNode = FALSE
	EndGlobalSection
EndGlobal
