
Microsoft Visual Studio Solution File, Format Version 11.00
# Visual Studio 2010
Project("{8BC9CEB8-8B4A-11D0-8D11-00A0C91BC942}") = "MatrixServer", "MatrixServer\MatrixServer.vcxproj", "{3E36DB8F-6ABC-4BE0-925B-19F97473FBAA}"
EndProject
Project("{8BC9CEB8-8B4A-11D0-8D11-00A0C91BC942}") = "MatrixServerDll", "MatrixServerDll\MatrixServerDll.vcxproj", "{F3A06E86-D065-466F-8451-CB0EAF41B0C4}"
EndProject
Project("{8BC9CEB8-8B4A-11D0-8D11-00A0C91BC942}") = "WriteINI", "WriteINI\WriteINI.vcxproj", "{E7EC6100-F2AB-439B-85FD-AF4FE97B355E}"
EndProject
Project("{8BC9CEB8-8B4A-11D0-8D11-00A0C91BC942}") = "Operation", "Operation\Operation.vcxproj", "{BB518B33-DFDA-427F-86BB-CEC693801EC8}"
EndProject
Project("{8BC9CEB8-8B4A-11D0-8D11-00A0C91BC942}") = "MatrixCommDll", "MatrixCommDll\MatrixCommDll.vcxproj", "{8F8B2541-9FE9-4596-98CB-81178A9C7076}"
EndProject
Project("{8BC9CEB8-8B4A-11D0-8D11-00A0C91BC942}") = "Line", "Line\Line.vcxproj", "{60989A20-86BF-4A98-BBB9-C901A4BC0059}"
EndProject
Project("{8BC9CEB8-8B4A-11D0-8D11-00A0C91BC942}") = "SocketSend", "SocketSend\SocketSend.vcxproj", "{C446AB6D-3333-4426-8E4E-38AF141BB1C3}"
EndProject
Global
	GlobalSection(SolutionConfigurationPlatforms) = preSolution
		Debug|Win32 = Debug|Win32
		Release|Win32 = Release|Win32
	EndGlobalSection
	GlobalSection(ProjectConfigurationPlatforms) = postSolution
		{3E36DB8F-6ABC-4BE0-925B-19F97473FBAA}.Debug|Win32.ActiveCfg = Debug|Win32
		{3E36DB8F-6ABC-4BE0-925B-19F97473FBAA}.Debug|Win32.Build.0 = Debug|Win32
		{3E36DB8F-6ABC-4BE0-925B-19F97473FBAA}.Release|Win32.ActiveCfg = Release|Win32
		{3E36DB8F-6ABC-4BE0-925B-19F97473FBAA}.Release|Win32.Build.0 = Release|Win32
		{F3A06E86-D065-466F-8451-CB0EAF41B0C4}.Debug|Win32.ActiveCfg = Debug|Win32
		{F3A06E86-D065-466F-8451-CB0EAF41B0C4}.Debug|Win32.Build.0 = Debug|Win32
		{F3A06E86-D065-466F-8451-CB0EAF41B0C4}.Release|Win32.ActiveCfg = Release|Win32
		{F3A06E86-D065-466F-8451-CB0EAF41B0C4}.Release|Win32.Build.0 = Release|Win32
		{E7EC6100-F2AB-439B-85FD-AF4FE97B355E}.Debug|Win32.ActiveCfg = Debug|Win32
		{E7EC6100-F2AB-439B-85FD-AF4FE97B355E}.Debug|Win32.Build.0 = Debug|Win32
		{E7EC6100-F2AB-439B-85FD-AF4FE97B355E}.Release|Win32.ActiveCfg = Release|Win32
		{E7EC6100-F2AB-439B-85FD-AF4FE97B355E}.Release|Win32.Build.0 = Release|Win32
		{BB518B33-DFDA-427F-86BB-CEC693801EC8}.Debug|Win32.ActiveCfg = Debug|Win32
		{BB518B33-DFDA-427F-86BB-CEC693801EC8}.Debug|Win32.Build.0 = Debug|Win32
		{BB518B33-DFDA-427F-86BB-CEC693801EC8}.Release|Win32.ActiveCfg = Release|Win32
		{BB518B33-DFDA-427F-86BB-CEC693801EC8}.Release|Win32.Build.0 = Release|Win32
		{8F8B2541-9FE9-4596-98CB-81178A9C7076}.Debug|Win32.ActiveCfg = Debug|Win32
		{8F8B2541-9FE9-4596-98CB-81178A9C7076}.Debug|Win32.Build.0 = Debug|Win32
		{8F8B2541-9FE9-4596-98CB-81178A9C7076}.Release|Win32.ActiveCfg = Release|Win32
		{8F8B2541-9FE9-4596-98CB-81178A9C7076}.Release|Win32.Build.0 = Release|Win32
		{60989A20-86BF-4A98-BBB9-C901A4BC0059}.Debug|Win32.ActiveCfg = Debug|Win32
		{60989A20-86BF-4A98-BBB9-C901A4BC0059}.Debug|Win32.Build.0 = Debug|Win32
		{60989A20-86BF-4A98-BBB9-C901A4BC0059}.Release|Win32.ActiveCfg = Release|Win32
		{60989A20-86BF-4A98-BBB9-C901A4BC0059}.Release|Win32.Build.0 = Release|Win32
		{C446AB6D-3333-4426-8E4E-38AF141BB1C3}.Debug|Win32.ActiveCfg = Debug|Win32
		{C446AB6D-3333-4426-8E4E-38AF141BB1C3}.Debug|Win32.Build.0 = Debug|Win32
		{C446AB6D-3333-4426-8E4E-38AF141BB1C3}.Release|Win32.ActiveCfg = Release|Win32
		{C446AB6D-3333-4426-8E4E-38AF141BB1C3}.Release|Win32.Build.0 = Release|Win32
	EndGlobalSection
	GlobalSection(SolutionProperties) = preSolution
		HideSolutionNode = FALSE
	EndGlobalSection
EndGlobal
