<?xml version="1.0" encoding="utf-8"?>
<Project ToolsVersion="4.0" xmlns="http://schemas.microsoft.com/developer/msbuild/2003">
  <ItemGroup>
    <Filter Include="源文件">
      <UniqueIdentifier>{4FC737F1-C7A5-4376-A066-2A32D752A2FF}</UniqueIdentifier>
      <Extensions>cpp;c;cc;cxx;def;odl;idl;hpj;bat;asm;asmx</Extensions>
    </Filter>
    <Filter Include="头文件">
      <UniqueIdentifier>{93995380-89BD-4b04-88EB-625FBE52EBFB}</UniqueIdentifier>
      <Extensions>h;hpp;hxx;hm;inl;inc;xsd</Extensions>
    </Filter>
    <Filter Include="资源文件">
      <UniqueIdentifier>{67DA6AB6-F800-4c08-8B7A-83BB121AAD01}</UniqueIdentifier>
      <Extensions>rc;ico;cur;bmp;dlg;rc2;rct;bin;rgs;gif;jpg;jpeg;jpe;resx;tiff;tif;png;wav;mfcribbon-ms</Extensions>
    </Filter>
  </ItemGroup>
  <ItemGroup>
    <None Include="ReadMe.txt" />
    <None Include="res\MatrixServer.rc2">
      <Filter>资源文件</Filter>
    </None>
    <None Include="res\MatrixServer.ico">
      <Filter>资源文件</Filter>
    </None>
  </ItemGroup>
  <ItemGroup>
    <ClInclude Include="MatrixServer.h">
      <Filter>头文件</Filter>
    </ClInclude>
    <ClInclude Include="MatrixServerDlg.h">
      <Filter>头文件</Filter>
    </ClInclude>
    <ClInclude Include="stdafx.h">
      <Filter>头文件</Filter>
    </ClInclude>
    <ClInclude Include="targetver.h">
      <Filter>头文件</Filter>
    </ClInclude>
    <ClInclude Include="Resource.h">
      <Filter>头文件</Filter>
    </ClInclude>
    <ClInclude Include="..\MatrixServerDll\MatrixServerDll.h">
      <Filter>头文件</Filter>
    </ClInclude>
    <ClInclude Include="CXMLDOMDocument.h">
      <Filter>头文件</Filter>
    </ClInclude>
    <ClInclude Include="CXMLDOMElement.h">
      <Filter>头文件</Filter>
    </ClInclude>
    <ClInclude Include="CXMLDOMNode.h">
      <Filter>头文件</Filter>
    </ClInclude>
    <ClInclude Include="CXMLDOMNodeList.h">
      <Filter>头文件</Filter>
    </ClInclude>
    <ClInclude Include="XMLDOMTool.h">
      <Filter>头文件</Filter>
    </ClInclude>
    <ClInclude Include="MatrixDllCall.h">
      <Filter>头文件</Filter>
    </ClInclude>
    <ClInclude Include="Com.h">
      <Filter>头文件</Filter>
    </ClInclude>
    <ClInclude Include="ThreadSend.h">
      <Filter>头文件</Filter>
    </ClInclude>
    <ClInclude Include="ConnectClients.h">
      <Filter>头文件</Filter>
    </ClInclude>
    <ClInclude Include="ClientInfo.h">
      <Filter>头文件</Filter>
    </ClInclude>
    <ClInclude Include="ThreadComm.h">
      <Filter>头文件</Filter>
    </ClInclude>
    <ClInclude Include="ComClient.h">
      <Filter>头文件</Filter>
    </ClInclude>
    <ClInclude Include="ComServer.h">
      <Filter>头文件</Filter>
    </ClInclude>
    <ClInclude Include="CommProtocol.h">
      <Filter>头文件</Filter>
    </ClInclude>
    <ClInclude Include="ClientRecFrame.h">
      <Filter>头文件</Filter>
    </ClInclude>
  </ItemGroup>
  <ItemGroup>
    <ClCompile Include="MatrixServer.cpp">
      <Filter>源文件</Filter>
    </ClCompile>
    <ClCompile Include="MatrixServerDlg.cpp">
      <Filter>源文件</Filter>
    </ClCompile>
    <ClCompile Include="stdafx.cpp">
      <Filter>源文件</Filter>
    </ClCompile>
    <ClCompile Include="MatrixDllCall.cpp">
      <Filter>源文件</Filter>
    </ClCompile>
    <ClCompile Include="Com.cpp">
      <Filter>源文件</Filter>
    </ClCompile>
    <ClCompile Include="ThreadSend.cpp">
      <Filter>源文件</Filter>
    </ClCompile>
    <ClCompile Include="ConnectClients.cpp">
      <Filter>源文件</Filter>
    </ClCompile>
    <ClCompile Include="ClientInfo.cpp">
      <Filter>源文件</Filter>
    </ClCompile>
    <ClCompile Include="ThreadComm.cpp">
      <Filter>源文件</Filter>
    </ClCompile>
    <ClCompile Include="ComClient.cpp">
      <Filter>源文件</Filter>
    </ClCompile>
    <ClCompile Include="ComServer.cpp">
      <Filter>源文件</Filter>
    </ClCompile>
    <ClCompile Include="ClientRecFrame.cpp">
      <Filter>源文件</Filter>
    </ClCompile>
  </ItemGroup>
  <ItemGroup>
    <ResourceCompile Include="MatrixServer.rc">
      <Filter>资源文件</Filter>
    </ResourceCompile>
  </ItemGroup>
</Project>