
Microsoft Visual Studio Solution File, Format Version 10.00
# Visual Studio 2008
Project("{8BC9CEB8-8B4A-11D0-8D11-00A0C91BC942}") = "empty.project", "empty.project.vcproj", "{CA2CF424-B8AB-4459-BDE7-08C10B18D5A6}"
EndProject
Global
	GlobalSection(SolutionConfigurationPlatforms) = preSolution
		Debug|Win32 = Debug|Win32
		Release|Win32 = Release|Win32
	EndGlobalSection
	GlobalSection(ProjectConfigurationPlatforms) = postSolution
		{CA2CF424-B8AB-4459-BDE7-08C10B18D5A6}.Debug|Win32.ActiveCfg = Debug|Win32
		{CA2CF424-B8AB-4459-BDE7-08C10B18D5A6}.Debug|Win32.Build.0 = Debug|Win32
		{CA2CF424-B8AB-4459-BDE7-08C10B18D5A6}.Release|Win32.ActiveCfg = Release|Win32
		{CA2CF424-B8AB-4459-BDE7-08C10B18D5A6}.Release|Win32.Build.0 = Release|Win32
	EndGlobalSection
	GlobalSection(SolutionProperties) = preSolution
		HideSolutionNode = FALSE
	EndGlobalSection
EndGlobal
