
Microsoft Visual Studio Solution File, Format Version 9.00
# Visual Studio 2005
Project("{8BC9CEB8-8B4A-11D0-8D11-00A0C91BC942}") = "Ex3_01", "Ex3_01\Ex3_01.vcproj", "{79F6E3C8-A04D-44BE-B7FE-D4A6717017DB}"
EndProject
Project("{8BC9CEB8-8B4A-11D0-8D11-00A0C91BC942}") = "Ex3_02", "Ex3_02\Ex3_02.vcproj", "{CDECFFEA-A4CC-43EF-A92B-F399FCD0E703}"
EndProject
Project("{8BC9CEB8-8B4A-11D0-8D11-00A0C91BC942}") = "Ex3_03", "Ex3_03\Ex3_03.vcproj", "{BD172411-6CA9-4A98-8C87-FA5DD1BBCF9D}"
EndProject
Project("{8BC9CEB8-8B4A-11D0-8D11-00A0C91BC942}") = "Ex3_04", "Ex3_04\Ex3_04.vcproj", "{67B2B132-256C-4579-A36D-BFC64CB8D0FC}"
EndProject
Project("{8BC9CEB8-8B4A-11D0-8D11-00A0C91BC942}") = "Ex3_05", "Ex3_05\Ex3_05.vcproj", "{60369036-7A4E-4568-81F4-EC4889AEFF55}"
EndProject
Project("{8BC9CEB8-8B4A-11D0-8D11-00A0C91BC942}") = "Ex3_06", "Ex3_06\Ex3_06.vcproj", "{C9FD3693-BCF3-44E3-8C29-86CED36671FF}"
EndProject
Project("{8BC9CEB8-8B4A-11D0-8D11-00A0C91BC942}") = "Ex3_07", "Ex3_07\Ex3_07.vcproj", "{4D71C9F3-9BFF-43C4-8A6A-AD7FB8C8B933}"
EndProject
Project("{8BC9CEB8-8B4A-11D0-8D11-00A0C91BC942}") = "Ex3_08", "Ex3_08\Ex3_08.vcproj", "{DB3CA3C4-C67F-45CC-84DC-512EBBF44C95}"
EndProject
Project("{8BC9CEB8-8B4A-11D0-8D11-00A0C91BC942}") = "Ex3_09", "Ex3_09\Ex3_09.vcproj", "{3E1D4AC1-5803-4CA0-9C94-E2327AC43474}"
EndProject
Project("{8BC9CEB8-8B4A-11D0-8D11-00A0C91BC942}") = "Ex3_10", "Ex3_10\Ex3_10.vcproj", "{B450BC75-7DA6-4124-A8E4-CD5936F6C6B1}"
EndProject
Project("{8BC9CEB8-8B4A-11D0-8D11-00A0C91BC942}") = "Ex3_11", "Ex3_11\Ex3_11.vcproj", "{DC1B835C-C79B-4995-AEA7-63A5590EB5AC}"
EndProject
Global
	GlobalSection(SolutionConfigurationPlatforms) = preSolution
		Debug|Win32 = Debug|Win32
		Release|Win32 = Release|Win32
	EndGlobalSection
	GlobalSection(ProjectConfigurationPlatforms) = postSolution
		{79F6E3C8-A04D-44BE-B7FE-D4A6717017DB}.Debug|Win32.ActiveCfg = Debug|Win32
		{79F6E3C8-A04D-44BE-B7FE-D4A6717017DB}.Debug|Win32.Build.0 = Debug|Win32
		{79F6E3C8-A04D-44BE-B7FE-D4A6717017DB}.Release|Win32.ActiveCfg = Release|Win32
		{79F6E3C8-A04D-44BE-B7FE-D4A6717017DB}.Release|Win32.Build.0 = Release|Win32
		{CDECFFEA-A4CC-43EF-A92B-F399FCD0E703}.Debug|Win32.ActiveCfg = Debug|Win32
		{CDECFFEA-A4CC-43EF-A92B-F399FCD0E703}.Debug|Win32.Build.0 = Debug|Win32
		{CDECFFEA-A4CC-43EF-A92B-F399FCD0E703}.Release|Win32.ActiveCfg = Release|Win32
		{CDECFFEA-A4CC-43EF-A92B-F399FCD0E703}.Release|Win32.Build.0 = Release|Win32
		{BD172411-6CA9-4A98-8C87-FA5DD1BBCF9D}.Debug|Win32.ActiveCfg = Debug|Win32
		{BD172411-6CA9-4A98-8C87-FA5DD1BBCF9D}.Debug|Win32.Build.0 = Debug|Win32
		{BD172411-6CA9-4A98-8C87-FA5DD1BBCF9D}.Release|Win32.ActiveCfg = Release|Win32
		{BD172411-6CA9-4A98-8C87-FA5DD1BBCF9D}.Release|Win32.Build.0 = Release|Win32
		{67B2B132-256C-4579-A36D-BFC64CB8D0FC}.Debug|Win32.ActiveCfg = Debug|Win32
		{67B2B132-256C-4579-A36D-BFC64CB8D0FC}.Debug|Win32.Build.0 = Debug|Win32
		{67B2B132-256C-4579-A36D-BFC64CB8D0FC}.Release|Win32.ActiveCfg = Release|Win32
		{67B2B132-256C-4579-A36D-BFC64CB8D0FC}.Release|Win32.Build.0 = Release|Win32
		{60369036-7A4E-4568-81F4-EC4889AEFF55}.Debug|Win32.ActiveCfg = Debug|Win32
		{60369036-7A4E-4568-81F4-EC4889AEFF55}.Debug|Win32.Build.0 = Debug|Win32
		{60369036-7A4E-4568-81F4-EC4889AEFF55}.Release|Win32.ActiveCfg = Release|Win32
		{60369036-7A4E-4568-81F4-EC4889AEFF55}.Release|Win32.Build.0 = Release|Win32
		{C9FD3693-BCF3-44E3-8C29-86CED36671FF}.Debug|Win32.ActiveCfg = Debug|Win32
		{C9FD3693-BCF3-44E3-8C29-86CED36671FF}.Debug|Win32.Build.0 = Debug|Win32
		{C9FD3693-BCF3-44E3-8C29-86CED36671FF}.Release|Win32.ActiveCfg = Release|Win32
		{C9FD3693-BCF3-44E3-8C29-86CED36671FF}.Release|Win32.Build.0 = Release|Win32
		{4D71C9F3-9BFF-43C4-8A6A-AD7FB8C8B933}.Debug|Win32.ActiveCfg = Debug|Win32
		{4D71C9F3-9BFF-43C4-8A6A-AD7FB8C8B933}.Debug|Win32.Build.0 = Debug|Win32
		{4D71C9F3-9BFF-43C4-8A6A-AD7FB8C8B933}.Release|Win32.ActiveCfg = Release|Win32
		{4D71C9F3-9BFF-43C4-8A6A-AD7FB8C8B933}.Release|Win32.Build.0 = Release|Win32
		{DB3CA3C4-C67F-45CC-84DC-512EBBF44C95}.Debug|Win32.ActiveCfg = Debug|Win32
		{DB3CA3C4-C67F-45CC-84DC-512EBBF44C95}.Debug|Win32.Build.0 = Debug|Win32
		{DB3CA3C4-C67F-45CC-84DC-512EBBF44C95}.Release|Win32.ActiveCfg = Release|Win32
		{DB3CA3C4-C67F-45CC-84DC-512EBBF44C95}.Release|Win32.Build.0 = Release|Win32
		{3E1D4AC1-5803-4CA0-9C94-E2327AC43474}.Debug|Win32.ActiveCfg = Debug|Win32
		{3E1D4AC1-5803-4CA0-9C94-E2327AC43474}.Debug|Win32.Build.0 = Debug|Win32
		{3E1D4AC1-5803-4CA0-9C94-E2327AC43474}.Release|Win32.ActiveCfg = Release|Win32
		{3E1D4AC1-5803-4CA0-9C94-E2327AC43474}.Release|Win32.Build.0 = Release|Win32
		{B450BC75-7DA6-4124-A8E4-CD5936F6C6B1}.Debug|Win32.ActiveCfg = Debug|Win32
		{B450BC75-7DA6-4124-A8E4-CD5936F6C6B1}.Debug|Win32.Build.0 = Debug|Win32
		{B450BC75-7DA6-4124-A8E4-CD5936F6C6B1}.Release|Win32.ActiveCfg = Release|Win32
		{B450BC75-7DA6-4124-A8E4-CD5936F6C6B1}.Release|Win32.Build.0 = Release|Win32
		{DC1B835C-C79B-4995-AEA7-63A5590EB5AC}.Debug|Win32.ActiveCfg = Debug|Win32
		{DC1B835C-C79B-4995-AEA7-63A5590EB5AC}.Debug|Win32.Build.0 = Debug|Win32
		{DC1B835C-C79B-4995-AEA7-63A5590EB5AC}.Release|Win32.ActiveCfg = Release|Win32
		{DC1B835C-C79B-4995-AEA7-63A5590EB5AC}.Release|Win32.Build.0 = Release|Win32
	EndGlobalSection
	GlobalSection(SolutionProperties) = preSolution
		HideSolutionNode = FALSE
	EndGlobalSection
EndGlobal
